{
  "name": "aquilajs",
  "version": "1.0.0",
  "lockfileVersion": 3,
  "requires": true,
  "packages": {
    "": {
      "name": "aquilajs",
      "version": "1.0.0",
      "license": "MIT",
      "dependencies": {
        "crowdstrike-falcon": "^0.2.4"
      },
      "devDependencies": {
        "typescript": "^5.2.2"
      }
    },
    "node_modules/crowdstrike-falcon": {
      "version": "0.2.4",
      "resolved": "https://registry.npmjs.org/crowdstrike-falcon/-/crowdstrike-falcon-0.2.4.tgz",
      "integrity": "sha512-boG4mWW+VMzdE36M1pfCRkGDI+hY5MzR+fz7tvS6WB19oLJjhx4CKI4hW4+PaZQUgLikplv0r+GMDtfi52d5ew=="
    },
    "node_modules/typescript": {
      "version": "5.2.2",
      "resolved": "https://registry.npmjs.org/typescript/-/typescript-5.2.2.tgz",
      "integrity": "sha512-mI4WrpHsbCIcwT9cF4FZvr80QUeKvsUsUvKDoR+X/7XHQH98xYD8YHZg7ANtz2GtZt/CBq2QJ0thkGJMHfqc1w==",
      "dev": true,
      "bin": {
        "tsc": "bin/tsc",
        "tsserver": "bin/tsserver"
      },
      "engines": {
        "node": ">=14.17"
      }
    }
  }
}
